
Microsoft Visual Studio Solution File, Format Version 12.00
# Visual Studio Version 17
VisualStudioVersion = 17.0.31912.275
MinimumVisualStudioVersion = 10.0.40219.1
Project("{FAE04EC0-301F-11D3-BF4B-00C04F79EFBC}") = "BlazorApp1", "BlazorApp1\BlazorApp1.csproj", "{BAE82309-4499-4F9D-8F02-09693B728AB0}"
EndProject
Global
	GlobalSection(SolutionConfigurationPlatforms) = preSolution
		Debug|Any CPU = Debug|Any CPU
		Release|Any CPU = Release|Any CPU
	EndGlobalSection
	GlobalSection(ProjectConfigurationPlatforms) = postSolution
		{BAE82309-4499-4F9D-8F02-09693B728AB0}.Debug|Any CPU.ActiveCfg = Debug|Any CPU
		{BAE82309-4499-4F9D-8F02-09693B728AB0}.Debug|Any CPU.Build.0 = Debug|Any CPU
		{BAE82309-4499-4F9D-8F02-09693B728AB0}.Release|Any CPU.ActiveCfg = Release|Any CPU
		{BAE82309-4499-4F9D-8F02-09693B728AB0}.Release|Any CPU.Build.0 = Release|Any CPU
	EndGlobalSection
	GlobalSection(SolutionProperties) = preSolution
		HideSolutionNode = FALSE
	EndGlobalSection
	GlobalSection(ExtensibilityGlobals) = postSolution
		SolutionGuid = {BF20F2F4-0FA1-436D-818B-679BFC6EB349}
	EndGlobalSection
EndGlobal
